
Microsoft Visual Studio Solution File, Format Version 12.00
# Visual Studio 15
VisualStudioVersion = 15.0.27703.2026
MinimumVisualStudioVersion = 10.0.40219.1
Project("{8BC9CEB8-8B4A-11D0-8D11-00A0C91BC942}") = "CudaSoliditySHA3Solver", "CudaSoliditySHA3Solver\CudaSoliditySHA3Solver.vcxproj", "{8541A1A2-DD45-4F28-9303-B28D3236DCB4}"
EndProject
Project("{8BC9CEB8-8B4A-11D0-8D11-00A0C91BC942}") = "OpenCLSoliditySHA3Solver", "OpenCLSoliditySHA3Solver\OpenCLSoliditySHA3Solver.vcxproj", "{A73B12B6-272F-4837-B5A3-C1AA545BE4C5}"
EndProject
Project("{8BC9CEB8-8B4A-11D0-8D11-00A0C91BC942}") = "CPUSoliditySHA3Solver", "CPUSoliditySHA3Solver\CPUSoliditySHA3Solver.vcxproj", "{B3B05A02-57FF-4A7F-9D64-D8A5B7435B0C}"
EndProject
Project("{9A19103F-16F7-4668-BE54-9A1E7A4F7556}") = "SoliditySHA3Miner", "SoliditySHA3Miner\SoliditySHA3Miner.csproj", "{AAD3C9FB-5D60-474E-B842-71C32C7365A2}"
	ProjectSection(ProjectDependencies) = postProject
		{B3B05A02-57FF-4A7F-9D64-D8A5B7435B0C} = {B3B05A02-57FF-4A7F-9D64-D8A5B7435B0C}
		{8541A1A2-DD45-4F28-9303-B28D3236DCB4} = {8541A1A2-DD45-4F28-9303-B28D3236DCB4}
		{A73B12B6-272F-4837-B5A3-C1AA545BE4C5} = {A73B12B6-272F-4837-B5A3-C1AA545BE4C5}
	EndProjectSection
EndProject
Global
	GlobalSection(SolutionConfigurationPlatforms) = preSolution
		Debug|x64 = Debug|x64
		Release|x64 = Release|x64
	EndGlobalSection
	GlobalSection(ProjectConfigurationPlatforms) = postSolution
		{8541A1A2-DD45-4F28-9303-B28D3236DCB4}.Debug|x64.ActiveCfg = Debug|x64
		{8541A1A2-DD45-4F28-9303-B28D3236DCB4}.Debug|x64.Build.0 = Debug|x64
		{8541A1A2-DD45-4F28-9303-B28D3236DCB4}.Release|x64.ActiveCfg = Release|x64
		{8541A1A2-DD45-4F28-9303-B28D3236DCB4}.Release|x64.Build.0 = Release|x64
		{A73B12B6-272F-4837-B5A3-C1AA545BE4C5}.Debug|x64.ActiveCfg = Debug|x64
		{A73B12B6-272F-4837-B5A3-C1AA545BE4C5}.Debug|x64.Build.0 = Debug|x64
		{A73B12B6-272F-4837-B5A3-C1AA545BE4C5}.Release|x64.ActiveCfg = Release|x64
		{A73B12B6-272F-4837-B5A3-C1AA545BE4C5}.Release|x64.Build.0 = Release|x64
		{B3B05A02-57FF-4A7F-9D64-D8A5B7435B0C}.Debug|x64.ActiveCfg = Debug|x64
		{B3B05A02-57FF-4A7F-9D64-D8A5B7435B0C}.Debug|x64.Build.0 = Debug|x64
		{B3B05A02-57FF-4A7F-9D64-D8A5B7435B0C}.Release|x64.ActiveCfg = Release|x64
		{B3B05A02-57FF-4A7F-9D64-D8A5B7435B0C}.Release|x64.Build.0 = Release|x64
		{AAD3C9FB-5D60-474E-B842-71C32C7365A2}.Debug|x64.ActiveCfg = Debug|Any CPU
		{AAD3C9FB-5D60-474E-B842-71C32C7365A2}.Debug|x64.Build.0 = Debug|Any CPU
		{AAD3C9FB-5D60-474E-B842-71C32C7365A2}.Release|x64.ActiveCfg = Release|Any CPU
		{AAD3C9FB-5D60-474E-B842-71C32C7365A2}.Release|x64.Build.0 = Release|Any CPU
	EndGlobalSection
	GlobalSection(SolutionProperties) = preSolution
		HideSolutionNode = FALSE
	EndGlobalSection
	GlobalSection(ExtensibilityGlobals) = postSolution
		SolutionGuid = {0C383121-F124-450A-B9D5-1E314B8F24F4}
	EndGlobalSection
EndGlobal
