<?xml version="1.0" encoding="utf-8"?>
<Project ToolsVersion="4.0" xmlns="http://schemas.microsoft.com/developer/msbuild/2003">
  <ItemGroup>
    <ClCompile Include="cudaSolver.cpp" />
    <ClCompile Include="cudaErrorCheck.cu" />
    <ClCompile Include="device\nv_api.cpp">
      <Filter>device</Filter>
    </ClCompile>
    <ClCompile Include="solver.cpp" />
  </ItemGroup>
  <ItemGroup>
    <ClInclude Include="cudaSolver.h" />
    <ClInclude Include="resource.h" />
    <ClInclude Include="device\nv_api.h">
      <Filter>device</Filter>
    </ClInclude>
    <ClInclude Include="device\nv_apiEnum.h">
      <Filter>device</Filter>
    </ClInclude>
    <ClInclude Include="solver.h" />
    <ClInclude Include="types.h" />
    <ClInclude Include="device\instance.h">
      <Filter>device</Filter>
    </ClInclude>
  </ItemGroup>
  <ItemGroup>
    <Filter Include="device">
      <UniqueIdentifier>{96171b9a-3e05-4dcb-8583-ab73ddcc0e8d}</UniqueIdentifier>
    </Filter>
  </ItemGroup>
  <ItemGroup>
    <CudaCompile Include="cudaSha3.cu" />
    <CudaCompile Include="cudaSha3King.cu" />
  </ItemGroup>
  <ItemGroup>
    <ResourceCompile Include="Resource.rc" />
  </ItemGroup>
</Project>