<?xml version="1.0" encoding="utf-8"?>
<Project ToolsVersion="4.0" xmlns="http://schemas.microsoft.com/developer/msbuild/2003">
  <ItemGroup>
    <ClCompile Include="cudaSolver.cpp" />
    <ClCompile Include="uint256\arith_uint256.cpp">
      <Filter>uint256</Filter>
    </ClCompile>
    <ClCompile Include="uint256\uint256.cpp">
      <Filter>uint256</Filter>
    </ClCompile>
    <ClCompile Include="uint256\utilstrencodings.cpp">
      <Filter>uint256</Filter>
    </ClCompile>
    <ClCompile Include="managed\solver.cpp">
      <Filter>managed</Filter>
    </ClCompile>
    <ClCompile Include="cudaErrorCheck.cu" />
    <ClCompile Include="sph\keccak.cpp">
      <Filter>sph</Filter>
    </ClCompile>
    <ClCompile Include="device\device.cpp">
      <Filter>device</Filter>
    </ClCompile>
    <ClCompile Include="device\nvapi.cpp">
      <Filter>device</Filter>
    </ClCompile>
  </ItemGroup>
  <ItemGroup>
    <ClInclude Include="cudaSolver.h" />
    <ClInclude Include="types.h" />
    <ClInclude Include="uint256\arith_uint256.h">
      <Filter>uint256</Filter>
    </ClInclude>
    <ClInclude Include="uint256\compat_byteswap.h">
      <Filter>uint256</Filter>
    </ClInclude>
    <ClInclude Include="uint256\compat_endian.h">
      <Filter>uint256</Filter>
    </ClInclude>
    <ClInclude Include="uint256\crypto_common.h">
      <Filter>uint256</Filter>
    </ClInclude>
    <ClInclude Include="uint256\tinyformat.h">
      <Filter>uint256</Filter>
    </ClInclude>
    <ClInclude Include="uint256\uint256.h">
      <Filter>uint256</Filter>
    </ClInclude>
    <ClInclude Include="uint256\utilstrencodings.h">
      <Filter>uint256</Filter>
    </ClInclude>
    <ClInclude Include="managed\solver.h">
      <Filter>managed</Filter>
    </ClInclude>
    <ClInclude Include="resource.h" />
    <ClInclude Include="sph\sph_keccak.h">
      <Filter>sph</Filter>
    </ClInclude>
    <ClInclude Include="sph\sph_types.h">
      <Filter>sph</Filter>
    </ClInclude>
    <ClInclude Include="device\device.h">
      <Filter>device</Filter>
    </ClInclude>
    <ClInclude Include="device\nvapi.h">
      <Filter>device</Filter>
    </ClInclude>
    <ClInclude Include="managed\managedObject.h">
      <Filter>managed</Filter>
    </ClInclude>
    <ClInclude Include="device\nvapiEnum.h">
      <Filter>device</Filter>
    </ClInclude>
  </ItemGroup>
  <ItemGroup>
    <Filter Include="uint256">
      <UniqueIdentifier>{cdfe2092-30be-4c15-aebf-8c6f025f7a28}</UniqueIdentifier>
    </Filter>
    <Filter Include="managed">
      <UniqueIdentifier>{9d7ddaf4-43cd-4e1b-a47d-544a502c4931}</UniqueIdentifier>
    </Filter>
    <Filter Include="sph">
      <UniqueIdentifier>{1cf4fdd3-4db2-4be5-988c-7d6766f8918b}</UniqueIdentifier>
    </Filter>
    <Filter Include="device">
      <UniqueIdentifier>{96171b9a-3e05-4dcb-8583-ab73ddcc0e8d}</UniqueIdentifier>
    </Filter>
  </ItemGroup>
  <ItemGroup>
    <CudaCompile Include="cudaSha3.cu" />
  </ItemGroup>
  <ItemGroup>
    <ResourceCompile Include="Resource.rc" />
  </ItemGroup>
</Project>