<?xml version="1.0" encoding="utf-8"?>
<Project ToolsVersion="4.0" xmlns="http://schemas.microsoft.com/developer/msbuild/2003">
  <ItemGroup>
    <ClCompile Include="uint256\arith_uint256.cpp">
      <Filter>uint256</Filter>
    </ClCompile>
    <ClCompile Include="uint256\uint256.cpp">
      <Filter>uint256</Filter>
    </ClCompile>
    <ClCompile Include="uint256\utilstrencodings.cpp">
      <Filter>uint256</Filter>
    </ClCompile>
    <ClCompile Include="managed\solver.cpp">
      <Filter>managed</Filter>
    </ClCompile>
    <ClCompile Include="cpuSolver.cpp" />
    <ClCompile Include="sha3.cpp" />
  </ItemGroup>
  <ItemGroup>
    <ClInclude Include="sha3.h" />
    <ClInclude Include="uint256\arith_uint256.h">
      <Filter>uint256</Filter>
    </ClInclude>
    <ClInclude Include="uint256\compat_byteswap.h">
      <Filter>uint256</Filter>
    </ClInclude>
    <ClInclude Include="uint256\compat_endian.h">
      <Filter>uint256</Filter>
    </ClInclude>
    <ClInclude Include="uint256\crypto_common.h">
      <Filter>uint256</Filter>
    </ClInclude>
    <ClInclude Include="uint256\tinyformat.h">
      <Filter>uint256</Filter>
    </ClInclude>
    <ClInclude Include="uint256\uint256.h">
      <Filter>uint256</Filter>
    </ClInclude>
    <ClInclude Include="uint256\utilstrencodings.h">
      <Filter>uint256</Filter>
    </ClInclude>
    <ClInclude Include="managed\ManagedObject.h">
      <Filter>managed</Filter>
    </ClInclude>
    <ClInclude Include="managed\solver.h">
      <Filter>managed</Filter>
    </ClInclude>
    <ClInclude Include="cpuSolver.h" />
    <ClInclude Include="types.h" />
  </ItemGroup>
  <ItemGroup>
    <Filter Include="uint256">
      <UniqueIdentifier>{b018476a-c138-40bb-8beb-1ca2664a8201}</UniqueIdentifier>
    </Filter>
    <Filter Include="managed">
      <UniqueIdentifier>{5588d206-5f16-4f19-8814-0b68a9a612de}</UniqueIdentifier>
    </Filter>
  </ItemGroup>
</Project>