<?xml version="1.0" encoding="utf-8"?>
<Project ToolsVersion="4.0" xmlns="http://schemas.microsoft.com/developer/msbuild/2003">
  <ItemGroup>
    <ResourceCompile Include="Resource.rc" />
  </ItemGroup>
  <ItemGroup>
    <Filter Include="sha3">
      <UniqueIdentifier>{677c3c45-082e-4b03-8823-c99e04923e43}</UniqueIdentifier>
    </Filter>
  </ItemGroup>
  <ItemGroup>
    <ClCompile Include="cpuSolver.cpp" />
    <ClCompile Include="sha3\keccak-tiny.c">
      <Filter>sha3</Filter>
    </ClCompile>
    <ClCompile Include="sha3\sha3-midstate.c">
      <Filter>sha3</Filter>
    </ClCompile>
    <ClCompile Include="solver.cpp" />
  </ItemGroup>
  <ItemGroup>
    <ClInclude Include="cpuSolver.h" />
    <ClInclude Include="instance.h" />
    <ClInclude Include="types.h" />
    <ClInclude Include="sha3\keccak-tiny.h">
      <Filter>sha3</Filter>
    </ClInclude>
    <ClInclude Include="sha3\sha3-midstate.h">
      <Filter>sha3</Filter>
    </ClInclude>
	<ClInclude Include="resource.h" />
    <ClInclude Include="solver.h" />
  </ItemGroup>
</Project>